
Microsoft Visual Studio Solution File, Format Version 12.00
# Visual Studio Version 16
VisualStudioVersion = 16.0.809.4
MinimumVisualStudioVersion = 10.0.40219.1
Project("{FAE04EC0-301F-11D3-BF4B-00C04F79EFBC}") = "VariablePractice", "VariablePractice\VariablePractice.csproj", "{C9D385A0-1E4D-4619-9C2A-F064E18A25B7}"
EndProject
Global
	GlobalSection(SolutionConfigurationPlatforms) = preSolution
		Debug|Any CPU = Debug|Any CPU
		Release|Any CPU = Release|Any CPU
	EndGlobalSection
	GlobalSection(ProjectConfigurationPlatforms) = postSolution
		{C9D385A0-1E4D-4619-9C2A-F064E18A25B7}.Debug|Any CPU.ActiveCfg = Debug|Any CPU
		{C9D385A0-1E4D-4619-9C2A-F064E18A25B7}.Debug|Any CPU.Build.0 = Debug|Any CPU
		{C9D385A0-1E4D-4619-9C2A-F064E18A25B7}.Release|Any CPU.ActiveCfg = Release|Any CPU
		{C9D385A0-1E4D-4619-9C2A-F064E18A25B7}.Release|Any CPU.Build.0 = Release|Any CPU
	EndGlobalSection
	GlobalSection(SolutionProperties) = preSolution
		HideSolutionNode = FALSE
	EndGlobalSection
	GlobalSection(ExtensibilityGlobals) = postSolution
		SolutionGuid = {71F6BE72-F82B-494E-B463-5B63FF861F76}
	EndGlobalSection
EndGlobal
